
Microsoft Visual Studio Solution File, Format Version 12.00
# Visual Studio 15
Project("{FAE04EC0-301F-11D3-BF4B-00C04F79EFBC}") = "Assembly-CSharp", "Assembly-CSharp.csproj", "{87C59F5D-6DFC-DD33-26DA-60944B308AE3}"
EndProject
Project("{FAE04EC0-301F-11D3-BF4B-00C04F79EFBC}") = "Assembly-CSharp-Editor", "Assembly-CSharp-Editor.csproj", "{6F4483B7-C9CB-0568-FD91-EB9AE91F8053}"
EndProject
Global
	GlobalSection(SolutionConfigurationPlatforms) = preSolution
		Debug|Any CPU = Debug|Any CPU
		Release|Any CPU = Release|Any CPU
	EndGlobalSection
	GlobalSection(ProjectConfigurationPlatforms) = postSolution
		{87C59F5D-6DFC-DD33-26DA-60944B308AE3}.Debug|Any CPU.ActiveCfg = Debug|Any CPU
		{87C59F5D-6DFC-DD33-26DA-60944B308AE3}.Debug|Any CPU.Build.0 = Debug|Any CPU
		{87C59F5D-6DFC-DD33-26DA-60944B308AE3}.Release|Any CPU.ActiveCfg = Release|Any CPU
		{87C59F5D-6DFC-DD33-26DA-60944B308AE3}.Release|Any CPU.Build.0 = Release|Any CPU
		{6F4483B7-C9CB-0568-FD91-EB9AE91F8053}.Debug|Any CPU.ActiveCfg = Debug|Any CPU
		{6F4483B7-C9CB-0568-FD91-EB9AE91F8053}.Debug|Any CPU.Build.0 = Debug|Any CPU
		{6F4483B7-C9CB-0568-FD91-EB9AE91F8053}.Release|Any CPU.ActiveCfg = Release|Any CPU
		{6F4483B7-C9CB-0568-FD91-EB9AE91F8053}.Release|Any CPU.Build.0 = Release|Any CPU
	EndGlobalSection
	GlobalSection(SolutionProperties) = preSolution
		HideSolutionNode = FALSE
	EndGlobalSection
EndGlobal
